{
  "name": "aprendecomigo",
  "lockfileVersion": 3,
  "requires": true,
  "packages": {
    "": {
      "dependencies": {
        "@react-native-aria/overlays": "^0.3.15",
        "@react-native-async-storage/async-storage": "^2.1.2"
      }
    },
    "node_modules/@babel/runtime": {
      "version": "7.27.0",
      "resolved": "https://registry.npmjs.org/@babel/runtime/-/runtime-7.27.0.tgz",
      "integrity": "sha512-VtPOkrdPHZsKc/clNqyi9WUA8TINkZ4cGk63UUE3u4pmB2k+ZMQRDuIOagv8UVd6j7k0T3+RRIb7beKTebNbcw==",
      "license": "MIT",
      "dependencies": {
        "regenerator-runtime": "^0.14.0"
      },
      "engines": {
        "node": ">=6.9.0"
      }
    },
    "node_modules/@formatjs/ecma402-abstract": {
      "version": "2.3.4",
      "resolved": "https://registry.npmjs.org/@formatjs/ecma402-abstract/-/ecma402-abstract-2.3.4.tgz",
      "integrity": "sha512-qrycXDeaORzIqNhBOx0btnhpD1c+/qFIHAN9znofuMJX6QBwtbrmlpWfD4oiUUD2vJUOIYFA/gYtg2KAMGG7sA==",
      "license": "MIT",
      "dependencies": {
        "@formatjs/fast-memoize": "2.2.7",
        "@formatjs/intl-localematcher": "0.6.1",
        "decimal.js": "^10.4.3",
        "tslib": "^2.8.0"
      }
    },
    "node_modules/@formatjs/fast-memoize": {
      "version": "2.2.7",
      "resolved": "https://registry.npmjs.org/@formatjs/fast-memoize/-/fast-memoize-2.2.7.tgz",
      "integrity": "sha512-Yabmi9nSvyOMrlSeGGWDiH7rf3a7sIwplbvo/dlz9WCIjzIQAfy1RMf4S0X3yG724n5Ghu2GmEl5NJIV6O9sZQ==",
      "license": "MIT",
      "dependencies": {
        "tslib": "^2.8.0"
      }
    },
    "node_modules/@formatjs/icu-messageformat-parser": {
      "version": "2.11.2",
      "resolved": "https://registry.npmjs.org/@formatjs/icu-messageformat-parser/-/icu-messageformat-parser-2.11.2.tgz",
      "integrity": "sha512-AfiMi5NOSo2TQImsYAg8UYddsNJ/vUEv/HaNqiFjnI3ZFfWihUtD5QtuX6kHl8+H+d3qvnE/3HZrfzgdWpsLNA==",
      "license": "MIT",
      "dependencies": {
        "@formatjs/ecma402-abstract": "2.3.4",
        "@formatjs/icu-skeleton-parser": "1.8.14",
        "tslib": "^2.8.0"
      }
    },
    "node_modules/@formatjs/icu-skeleton-parser": {
      "version": "1.8.14",
      "resolved": "https://registry.npmjs.org/@formatjs/icu-skeleton-parser/-/icu-skeleton-parser-1.8.14.tgz",
      "integrity": "sha512-i4q4V4qslThK4Ig8SxyD76cp3+QJ3sAqr7f6q9VVfeGtxG9OhiAk3y9XF6Q41OymsKzsGQ6OQQoJNY4/lI8TcQ==",
      "license": "MIT",
      "dependencies": {
        "@formatjs/ecma402-abstract": "2.3.4",
        "tslib": "^2.8.0"
      }
    },
    "node_modules/@formatjs/intl-localematcher": {
      "version": "0.6.1",
      "resolved": "https://registry.npmjs.org/@formatjs/intl-localematcher/-/intl-localematcher-0.6.1.tgz",
      "integrity": "sha512-ePEgLgVCqi2BBFnTMWPfIghu6FkbZnnBVhO2sSxvLfrdFw7wCHAHiDoM2h4NRgjbaY7+B7HgOLZGkK187pZTZg==",
      "license": "MIT",
      "dependencies": {
        "tslib": "^2.8.0"
      }
    },
    "node_modules/@internationalized/date": {
      "version": "3.8.0",
      "resolved": "https://registry.npmjs.org/@internationalized/date/-/date-3.8.0.tgz",
      "integrity": "sha512-J51AJ0fEL68hE4CwGPa6E0PO6JDaVLd8aln48xFCSy7CZkZc96dGEGmLs2OEEbBxcsVZtfrqkXJwI2/MSG8yKw==",
      "license": "Apache-2.0",
      "dependencies": {
        "@swc/helpers": "^0.5.0"
      }
    },
    "node_modules/@internationalized/message": {
      "version": "3.1.7",
      "resolved": "https://registry.npmjs.org/@internationalized/message/-/message-3.1.7.tgz",
      "integrity": "sha512-gLQlhEW4iO7DEFPf/U7IrIdA3UyLGS0opeqouaFwlMObLUzwexRjbygONHDVbC9G9oFLXsLyGKYkJwqXw/QADg==",
      "license": "Apache-2.0",
      "dependencies": {
        "@swc/helpers": "^0.5.0",
        "intl-messageformat": "^10.1.0"
      }
    },
    "node_modules/@internationalized/number": {
      "version": "3.6.1",
      "resolved": "https://registry.npmjs.org/@internationalized/number/-/number-3.6.1.tgz",
      "integrity": "sha512-UVsb4bCwbL944E0SX50CHFtWEeZ2uB5VozZ5yDXJdq6iPZsZO5p+bjVMZh2GxHf4Bs/7xtDCcPwEa2NU9DaG/g==",
      "license": "Apache-2.0",
      "dependencies": {
        "@swc/helpers": "^0.5.0"
      }
    },
    "node_modules/@internationalized/string": {
      "version": "3.2.6",
      "resolved": "https://registry.npmjs.org/@internationalized/string/-/string-3.2.6.tgz",
      "integrity": "sha512-LR2lnM4urJta5/wYJVV7m8qk5DrMZmLRTuFhbQO5b9/sKLHgty6unQy1Li4+Su2DWydmB4aZdS5uxBRXIq2aAw==",
      "license": "Apache-2.0",
      "dependencies": {
        "@swc/helpers": "^0.5.0"
      }
    },
    "node_modules/@react-aria/focus": {
      "version": "3.20.2",
      "resolved": "https://registry.npmjs.org/@react-aria/focus/-/focus-3.20.2.tgz",
      "integrity": "sha512-Q3rouk/rzoF/3TuH6FzoAIKrl+kzZi9LHmr8S5EqLAOyP9TXIKG34x2j42dZsAhrw7TbF9gA8tBKwnCNH4ZV+Q==",
      "license": "Apache-2.0",
      "dependencies": {
        "@react-aria/interactions": "^3.25.0",
        "@react-aria/utils": "^3.28.2",
        "@react-types/shared": "^3.29.0",
        "@swc/helpers": "^0.5.0",
        "clsx": "^2.0.0"
      },
      "peerDependencies": {
        "react": "^16.8.0 || ^17.0.0-rc.1 || ^18.0.0 || ^19.0.0-rc.1",
        "react-dom": "^16.8.0 || ^17.0.0-rc.1 || ^18.0.0 || ^19.0.0-rc.1"
      }
    },
    "node_modules/@react-aria/i18n": {
      "version": "3.12.8",
      "resolved": "https://registry.npmjs.org/@react-aria/i18n/-/i18n-3.12.8.tgz",
      "integrity": "sha512-V/Nau9WuwTwxfFffQL4URyKyY2HhRlu9zmzkF2Hw/j5KmEQemD+9jfaLueG2CJu85lYL06JrZXUdnhZgKnqMkA==",
      "license": "Apache-2.0",
      "dependencies": {
        "@internationalized/date": "^3.8.0",
        "@internationalized/message": "^3.1.7",
        "@internationalized/number": "^3.6.1",
        "@internationalized/string": "^3.2.6",
        "@react-aria/ssr": "^3.9.8",
        "@react-aria/utils": "^3.28.2",
        "@react-types/shared": "^3.29.0",
        "@swc/helpers": "^0.5.0"
      },
      "peerDependencies": {
        "react": "^16.8.0 || ^17.0.0-rc.1 || ^18.0.0 || ^19.0.0-rc.1",
        "react-dom": "^16.8.0 || ^17.0.0-rc.1 || ^18.0.0 || ^19.0.0-rc.1"
      }
    },
    "node_modules/@react-aria/interactions": {
      "version": "3.25.0",
      "resolved": "https://registry.npmjs.org/@react-aria/interactions/-/interactions-3.25.0.tgz",
      "integrity": "sha512-GgIsDLlO8rDU/nFn6DfsbP9rfnzhm8QFjZkB9K9+r+MTSCn7bMntiWQgMM+5O6BiA8d7C7x4zuN4bZtc0RBdXQ==",
      "license": "Apache-2.0",
      "dependencies": {
        "@react-aria/ssr": "^3.9.8",
        "@react-aria/utils": "^3.28.2",
        "@react-stately/flags": "^3.1.1",
        "@react-types/shared": "^3.29.0",
        "@swc/helpers": "^0.5.0"
      },
      "peerDependencies": {
        "react": "^16.8.0 || ^17.0.0-rc.1 || ^18.0.0 || ^19.0.0-rc.1",
        "react-dom": "^16.8.0 || ^17.0.0-rc.1 || ^18.0.0 || ^19.0.0-rc.1"
      }
    },
    "node_modules/@react-aria/overlays": {
      "version": "3.27.0",
      "resolved": "https://registry.npmjs.org/@react-aria/overlays/-/overlays-3.27.0.tgz",
      "integrity": "sha512-2vZVgL7FrloN5Rh8sAhadGADJbuWg69DdSJB3fd2/h5VvcEhnIfNPu9Ma5XmdkApDoTboIEsKZ4QLYwRl98w6w==",
      "license": "Apache-2.0",
      "dependencies": {
        "@react-aria/focus": "^3.20.2",
        "@react-aria/i18n": "^3.12.8",
        "@react-aria/interactions": "^3.25.0",
        "@react-aria/ssr": "^3.9.8",
        "@react-aria/utils": "^3.28.2",
        "@react-aria/visually-hidden": "^3.8.22",
        "@react-stately/overlays": "^3.6.15",
        "@react-types/button": "^3.12.0",
        "@react-types/overlays": "^3.8.14",
        "@react-types/shared": "^3.29.0",
        "@swc/helpers": "^0.5.0"
      },
      "peerDependencies": {
        "react": "^16.8.0 || ^17.0.0-rc.1 || ^18.0.0 || ^19.0.0-rc.1",
        "react-dom": "^16.8.0 || ^17.0.0-rc.1 || ^18.0.0 || ^19.0.0-rc.1"
      }
    },
    "node_modules/@react-aria/ssr": {
      "version": "3.9.8",
      "resolved": "https://registry.npmjs.org/@react-aria/ssr/-/ssr-3.9.8.tgz",
      "integrity": "sha512-lQDE/c9uTfBSDOjaZUJS8xP2jCKVk4zjQeIlCH90xaLhHDgbpCdns3xvFpJJujfj3nI4Ll9K7A+ONUBDCASOuw==",
      "license": "Apache-2.0",
      "dependencies": {
        "@swc/helpers": "^0.5.0"
      },
      "engines": {
        "node": ">= 12"
      },
      "peerDependencies": {
        "react": "^16.8.0 || ^17.0.0-rc.1 || ^18.0.0 || ^19.0.0-rc.1"
      }
    },
    "node_modules/@react-aria/utils": {
      "version": "3.28.2",
      "resolved": "https://registry.npmjs.org/@react-aria/utils/-/utils-3.28.2.tgz",
      "integrity": "sha512-J8CcLbvnQgiBn54eeEvQQbIOfBF3A1QizxMw9P4cl9MkeR03ug7RnjTIdJY/n2p7t59kLeAB3tqiczhcj+Oi5w==",
      "license": "Apache-2.0",
      "dependencies": {
        "@react-aria/ssr": "^3.9.8",
        "@react-stately/flags": "^3.1.1",
        "@react-stately/utils": "^3.10.6",
        "@react-types/shared": "^3.29.0",
        "@swc/helpers": "^0.5.0",
        "clsx": "^2.0.0"
      },
      "peerDependencies": {
        "react": "^16.8.0 || ^17.0.0-rc.1 || ^18.0.0 || ^19.0.0-rc.1",
        "react-dom": "^16.8.0 || ^17.0.0-rc.1 || ^18.0.0 || ^19.0.0-rc.1"
      }
    },
    "node_modules/@react-aria/visually-hidden": {
      "version": "3.8.22",
      "resolved": "https://registry.npmjs.org/@react-aria/visually-hidden/-/visually-hidden-3.8.22.tgz",
      "integrity": "sha512-EO3R8YTKZ7HkLl9k1Y2uBKYBgpJagth4/4W7mfpJZE24A3fQnCP8zx1sweXiAm0mirR4J6tNaK7Ia8ssP5TpOw==",
      "license": "Apache-2.0",
      "dependencies": {
        "@react-aria/interactions": "^3.25.0",
        "@react-aria/utils": "^3.28.2",
        "@react-types/shared": "^3.29.0",
        "@swc/helpers": "^0.5.0"
      },
      "peerDependencies": {
        "react": "^16.8.0 || ^17.0.0-rc.1 || ^18.0.0 || ^19.0.0-rc.1",
        "react-dom": "^16.8.0 || ^17.0.0-rc.1 || ^18.0.0 || ^19.0.0-rc.1"
      }
    },
    "node_modules/@react-native-aria/overlays": {
      "version": "0.3.15",
      "resolved": "https://registry.npmjs.org/@react-native-aria/overlays/-/overlays-0.3.15.tgz",
      "integrity": "sha512-ialIMsXmiQe6A2cWv4O62nJs8raAEkC27BYUu0Z6BEWbhYn+3MhrujxFzsozJ6bwDZgsfNOqtfwk1ScXJxXjkQ==",
      "license": "MIT",
      "dependencies": {
        "@react-aria/interactions": "^3.3.2",
        "@react-aria/overlays": "^3.7.0",
        "@react-native-aria/utils": "0.2.12",
        "@react-stately/overlays": "^3.1.1",
        "@react-types/overlays": "^3.4.0",
        "dom-helpers": "^5.0.0"
      },
      "peerDependencies": {
        "react": "*",
        "react-dom": "*",
        "react-native": "*"
      }
    },
    "node_modules/@react-native-aria/utils": {
      "version": "0.2.12",
      "resolved": "https://registry.npmjs.org/@react-native-aria/utils/-/utils-0.2.12.tgz",
      "integrity": "sha512-752/tQ5fjDdc/3Gw8cKqml4NucfiFrO8wPmlg0bBgaCvfQDJaUMi4grme3/fBPCUoK2wk9/yJHfwkv45Gi5Eew==",
      "license": "MIT",
      "dependencies": {
        "@react-aria/ssr": "^3.0.1",
        "@react-aria/utils": "^3.3.0"
      },
      "peerDependencies": {
        "react": "*",
        "react-native": "*"
      }
    },
    "node_modules/@react-native-async-storage/async-storage": {
      "version": "2.1.2",
      "resolved": "https://registry.npmjs.org/@react-native-async-storage/async-storage/-/async-storage-2.1.2.tgz",
      "integrity": "sha512-dvlNq4AlGWC+ehtH12p65+17V0Dx7IecOWl6WanF2ja38O1Dcjjvn7jVzkUHJ5oWkQBlyASurTPlTHgKXyYiow==",
      "license": "MIT",
      "dependencies": {
        "merge-options": "^3.0.4"
      },
      "peerDependencies": {
        "react-native": "^0.0.0-0 || >=0.65 <1.0"
      }
    },
    "node_modules/@react-stately/flags": {
      "version": "3.1.1",
      "resolved": "https://registry.npmjs.org/@react-stately/flags/-/flags-3.1.1.tgz",
      "integrity": "sha512-XPR5gi5LfrPdhxZzdIlJDz/B5cBf63l4q6/AzNqVWFKgd0QqY5LvWJftXkklaIUpKSJkIKQb8dphuZXDtkWNqg==",
      "license": "Apache-2.0",
      "dependencies": {
        "@swc/helpers": "^0.5.0"
      }
    },
    "node_modules/@react-stately/overlays": {
      "version": "3.6.15",
      "resolved": "https://registry.npmjs.org/@react-stately/overlays/-/overlays-3.6.15.tgz",
      "integrity": "sha512-LBaGpXuI+SSd5HSGzyGJA0Gy09V2tl2G/r0lllTYqwt0RDZR6p7IrhdGVXZm6vI0oWEnih7yLC32krkVQrffgQ==",
      "license": "Apache-2.0",
      "dependencies": {
        "@react-stately/utils": "^3.10.6",
        "@react-types/overlays": "^3.8.14",
        "@swc/helpers": "^0.5.0"
      },
      "peerDependencies": {
        "react": "^16.8.0 || ^17.0.0-rc.1 || ^18.0.0 || ^19.0.0-rc.1"
      }
    },
    "node_modules/@react-stately/utils": {
      "version": "3.10.6",
      "resolved": "https://registry.npmjs.org/@react-stately/utils/-/utils-3.10.6.tgz",
      "integrity": "sha512-O76ip4InfTTzAJrg8OaZxKU4vvjMDOpfA/PGNOytiXwBbkct2ZeZwaimJ8Bt9W1bj5VsZ81/o/tW4BacbdDOMA==",
      "license": "Apache-2.0",
      "dependencies": {
        "@swc/helpers": "^0.5.0"
      },
      "peerDependencies": {
        "react": "^16.8.0 || ^17.0.0-rc.1 || ^18.0.0 || ^19.0.0-rc.1"
      }
    },
    "node_modules/@react-types/button": {
      "version": "3.12.0",
      "resolved": "https://registry.npmjs.org/@react-types/button/-/button-3.12.0.tgz",
      "integrity": "sha512-YrASNa+RqGQpzJcxNAahzNuTYVID1OE6HCorrEOXIyGS3EGogHsQmFs9OyThXnGHq6q4rLlA806/jWbP9uZdxA==",
      "license": "Apache-2.0",
      "dependencies": {
        "@react-types/shared": "^3.29.0"
      },
      "peerDependencies": {
        "react": "^16.8.0 || ^17.0.0-rc.1 || ^18.0.0 || ^19.0.0-rc.1"
      }
    },
    "node_modules/@react-types/overlays": {
      "version": "3.8.14",
      "resolved": "https://registry.npmjs.org/@react-types/overlays/-/overlays-3.8.14.tgz",
      "integrity": "sha512-XJS67KHYhdMvPNHXNGdmc85gE+29QT5TwC58V4kxxHVtQh9fYzEEPzIV8K84XWSz04rRGe3fjDgRNbcqBektWQ==",
      "license": "Apache-2.0",
      "dependencies": {
        "@react-types/shared": "^3.29.0"
      },
      "peerDependencies": {
        "react": "^16.8.0 || ^17.0.0-rc.1 || ^18.0.0 || ^19.0.0-rc.1"
      }
    },
    "node_modules/@react-types/shared": {
      "version": "3.29.0",
      "resolved": "https://registry.npmjs.org/@react-types/shared/-/shared-3.29.0.tgz",
      "integrity": "sha512-IDQYu/AHgZimObzCFdNl1LpZvQW/xcfLt3v20sorl5qRucDVj4S9os98sVTZ4IRIBjmS+MkjqpR5E70xan7ooA==",
      "license": "Apache-2.0",
      "peerDependencies": {
        "react": "^16.8.0 || ^17.0.0-rc.1 || ^18.0.0 || ^19.0.0-rc.1"
      }
    },
    "node_modules/@swc/helpers": {
      "version": "0.5.17",
      "resolved": "https://registry.npmjs.org/@swc/helpers/-/helpers-0.5.17.tgz",
      "integrity": "sha512-5IKx/Y13RsYd+sauPb2x+U/xZikHjolzfuDgTAl/Tdf3Q8rslRvC19NKDLgAJQ6wsqADk10ntlv08nPFw/gO/A==",
      "license": "Apache-2.0",
      "dependencies": {
        "tslib": "^2.8.0"
      }
    },
    "node_modules/clsx": {
      "version": "2.1.1",
      "resolved": "https://registry.npmjs.org/clsx/-/clsx-2.1.1.tgz",
      "integrity": "sha512-eYm0QWBtUrBWZWG0d386OGAw16Z995PiOVo2B7bjWSbHedGl5e0ZWaq65kOGgUSNesEIDkB9ISbTg/JK9dhCZA==",
      "license": "MIT",
      "engines": {
        "node": ">=6"
      }
    },
    "node_modules/csstype": {
      "version": "3.1.3",
      "resolved": "https://registry.npmjs.org/csstype/-/csstype-3.1.3.tgz",
      "integrity": "sha512-M1uQkMl8rQK/szD0LNhtqxIPLpimGm8sOBwU7lLnCpSbTyY3yeU1Vc7l4KT5zT4s/yOxHH5O7tIuuLOCnLADRw==",
      "license": "MIT"
    },
    "node_modules/decimal.js": {
      "version": "10.5.0",
      "resolved": "https://registry.npmjs.org/decimal.js/-/decimal.js-10.5.0.tgz",
      "integrity": "sha512-8vDa8Qxvr/+d94hSh5P3IJwI5t8/c0KsMp+g8bNw9cY2icONa5aPfvKeieW1WlG0WQYwwhJ7mjui2xtiePQSXw==",
      "license": "MIT"
    },
    "node_modules/dom-helpers": {
      "version": "5.2.1",
      "resolved": "https://registry.npmjs.org/dom-helpers/-/dom-helpers-5.2.1.tgz",
      "integrity": "sha512-nRCa7CK3VTrM2NmGkIy4cbK7IZlgBE/PYMn55rrXefr5xXDP0LdtfPnblFDoVdcAfslJ7or6iqAUnx0CCGIWQA==",
      "license": "MIT",
      "dependencies": {
        "@babel/runtime": "^7.8.7",
        "csstype": "^3.0.2"
      }
    },
    "node_modules/intl-messageformat": {
      "version": "10.7.16",
      "resolved": "https://registry.npmjs.org/intl-messageformat/-/intl-messageformat-10.7.16.tgz",
      "integrity": "sha512-UmdmHUmp5CIKKjSoE10la5yfU+AYJAaiYLsodbjL4lji83JNvgOQUjGaGhGrpFCb0Uh7sl7qfP1IyILa8Z40ug==",
      "license": "BSD-3-Clause",
      "dependencies": {
        "@formatjs/ecma402-abstract": "2.3.4",
        "@formatjs/fast-memoize": "2.2.7",
        "@formatjs/icu-messageformat-parser": "2.11.2",
        "tslib": "^2.8.0"
      }
    },
    "node_modules/is-plain-obj": {
      "version": "2.1.0",
      "resolved": "https://registry.npmjs.org/is-plain-obj/-/is-plain-obj-2.1.0.tgz",
      "integrity": "sha512-YWnfyRwxL/+SsrWYfOpUtz5b3YD+nyfkHvjbcanzk8zgyO4ASD67uVMRt8k5bM4lLMDnXfriRhOpemw+NfT1eA==",
      "license": "MIT",
      "engines": {
        "node": ">=8"
      }
    },
    "node_modules/merge-options": {
      "version": "3.0.4",
      "resolved": "https://registry.npmjs.org/merge-options/-/merge-options-3.0.4.tgz",
      "integrity": "sha512-2Sug1+knBjkaMsMgf1ctR1Ujx+Ayku4EdJN4Z+C2+JzoeF7A3OZ9KM2GY0CpQS51NR61LTurMJrRKPhSs3ZRTQ==",
      "license": "MIT",
      "dependencies": {
        "is-plain-obj": "^2.1.0"
      },
      "engines": {
        "node": ">=10"
      }
    },
    "node_modules/regenerator-runtime": {
      "version": "0.14.1",
      "resolved": "https://registry.npmjs.org/regenerator-runtime/-/regenerator-runtime-0.14.1.tgz",
      "integrity": "sha512-dYnhHh0nJoMfnkZs6GmmhFknAGRrLznOu5nc9ML+EJxGvrx6H7teuevqVqCuPcPK//3eDrrjQhehXVx9cnkGdw==",
      "license": "MIT"
    },
    "node_modules/tslib": {
      "version": "2.8.1",
      "resolved": "https://registry.npmjs.org/tslib/-/tslib-2.8.1.tgz",
      "integrity": "sha512-oJFu94HQb+KVduSUQL7wnpmqnfmLsOA/nAh6b6EH0wCEoK0/mPeXU6c3wKDV83MkOuHPRHtSXKKU99IBazS/2w==",
      "license": "0BSD"
    }
  }
}
